<Solution>
  <Configurations>
    <Platform Name="ARM64" />
    <Platform Name="x64" />
  </Configurations>
  <Project Path="CS2ESP_Driver/CS2ESP_Driver.vcxproj">
    <Deploy />
  </Project>
  <Project Path="Render/Render.vcxproj" Id="600484df-fe07-4f96-bb85-ac5c1f924ab6">
    <Platform Project="x64" />
  </Project>
</Solution>
